
Microsoft Visual Studio Solution File, Format Version 12.00
# Visual Studio Version 17
VisualStudioVersion = 17.9.34902.65
MinimumVisualStudioVersion = 10.0.40219.1
Project("{FAE04EC0-301F-11D3-BF4B-00C04F79EFBC}") = "CEBlog", "CEBlog.csproj", "{7330B37F-F492-4B92-9277-1E4BBB752CC2}"
EndProject
Global
	GlobalSection(SolutionConfigurationPlatforms) = preSolution
		Debug|Any CPU = Debug|Any CPU
		Release|Any CPU = Release|Any CPU
	EndGlobalSection
	GlobalSection(ProjectConfigurationPlatforms) = postSolution
		{7330B37F-F492-4B92-9277-1E4BBB752CC2}.Debug|Any CPU.ActiveCfg = Debug|Any CPU
		{7330B37F-F492-4B92-9277-1E4BBB752CC2}.Debug|Any CPU.Build.0 = Debug|Any CPU
		{7330B37F-F492-4B92-9277-1E4BBB752CC2}.Release|Any CPU.ActiveCfg = Release|Any CPU
		{7330B37F-F492-4B92-9277-1E4BBB752CC2}.Release|Any CPU.Build.0 = Release|Any CPU
	EndGlobalSection
	GlobalSection(SolutionProperties) = preSolution
		HideSolutionNode = FALSE
	EndGlobalSection
	GlobalSection(ExtensibilityGlobals) = postSolution
		SolutionGuid = {C8C923C6-A365-4FD4-9430-1DED8804AD0C}
	EndGlobalSection
EndGlobal
